// !$*UTF8*$!
{
	archiveVersion = 1;
	classes = {
	};
	objectVersion = 46;
	objects = {

/* Begin PBXBuildFile section */
		24F5BB9E90C6879D234275FE /* Pods_IGListKitDemoForObjectCTests.framework in Frameworks */ = {isa = PBXBuildFile; fileRef = D0A1670FF3D939EED27F26F2 /* Pods_IGListKitDemoForObjectCTests.framework */; };
		5F794BA985318DED4B938BF4 /* Pods_IGListKitDemoForObjectC.framework in Frameworks */ = {isa = PBXBuildFile; fileRef = 1830DD209B7B8194B2BFB5CE /* Pods_IGListKitDemoForObjectC.framework */; };
		8066CCBD853A1CA6634EE5D9 /* Pods_IGListKitDemoForObjectCUITests.framework in Frameworks */ = {isa = PBXBuildFile; fileRef = C5CEB59D8150D21D0C4AA500 /* Pods_IGListKitDemoForObjectCUITests.framework */; };
		B253150C1E51AC1E0029B1EE /* main.m in Sources */ = {isa = PBXBuildFile; fileRef = B253150B1E51AC1E0029B1EE /* main.m */; };
		B253150F1E51AC1E0029B1EE /* AppDelegate.m in Sources */ = {isa = PBXBuildFile; fileRef = B253150E1E51AC1E0029B1EE /* AppDelegate.m */; };
		B25315121E51AC1E0029B1EE /* ViewController.m in Sources */ = {isa = PBXBuildFile; fileRef = B25315111E51AC1E0029B1EE /* ViewController.m */; };
		B25315151E51AC1E0029B1EE /* Main.storyboard in Resources */ = {isa = PBXBuildFile; fileRef = B25315131E51AC1E0029B1EE /* Main.storyboard */; };
		B25315171E51AC1E0029B1EE /* Assets.xcassets in Resources */ = {isa = PBXBuildFile; fileRef = B25315161E51AC1E0029B1EE /* Assets.xcassets */; };
		B253151A1E51AC1E0029B1EE /* LaunchScreen.storyboard in Resources */ = {isa = PBXBuildFile; fileRef = B25315181E51AC1E0029B1EE /* LaunchScreen.storyboard */; };
		B25315251E51AC1E0029B1EE /* IGListKitDemoForObjectCTests.m in Sources */ = {isa = PBXBuildFile; fileRef = B25315241E51AC1E0029B1EE /* IGListKitDemoForObjectCTests.m */; };
		B25315301E51AC1E0029B1EE /* IGListKitDemoForObjectCUITests.m in Sources */ = {isa = PBXBuildFile; fileRef = B253152F1E51AC1E0029B1EE /* IGListKitDemoForObjectCUITests.m */; };
		B25315431E51B1AB0029B1EE /* UIView+Extension.m in Sources */ = {isa = PBXBuildFile; fileRef = B25315421E51B1AB0029B1EE /* UIView+Extension.m */; };
		B25315471E51BC020029B1EE /* DemoItem.m in Sources */ = {isa = PBXBuildFile; fileRef = B25315461E51BC020029B1EE /* DemoItem.m */; };
		B253154A1E51C2870029B1EE /* DemoSectionController.m in Sources */ = {isa = PBXBuildFile; fileRef = B25315491E51C2870029B1EE /* DemoSectionController.m */; };
		B25315511E52A6100029B1EE /* DemoCell.m in Sources */ = {isa = PBXBuildFile; fileRef = B25315501E52A6100029B1EE /* DemoCell.m */; };
		B25315561E52F5C40029B1EE /* ListSectionController.m in Sources */ = {isa = PBXBuildFile; fileRef = B25315551E52F5C40029B1EE /* ListSectionController.m */; };
		B25315591E52F63E0029B1EE /* ListViewController.m in Sources */ = {isa = PBXBuildFile; fileRef = B25315581E52F63E0029B1EE /* ListViewController.m */; };
		B253155C1E52FBF90029B1EE /* ListCell.m in Sources */ = {isa = PBXBuildFile; fileRef = B253155B1E52FBF90029B1EE /* ListCell.m */; };
		B253155F1E53064A0029B1EE /* MixedDataViewController.m in Sources */ = {isa = PBXBuildFile; fileRef = B253155E1E53064A0029B1EE /* MixedDataViewController.m */; };
		B25315651E53F8030029B1EE /* ExpandableSectionController.m in Sources */ = {isa = PBXBuildFile; fileRef = B25315641E53F8030029B1EE /* ExpandableSectionController.m */; };
		B25315681E53F9F40029B1EE /* LabelCell.m in Sources */ = {isa = PBXBuildFile; fileRef = B25315671E53F9F40029B1EE /* LabelCell.m */; };
		B253156B1E5401A20029B1EE /* GridSectionController.m in Sources */ = {isa = PBXBuildFile; fileRef = B253156A1E5401A20029B1EE /* GridSectionController.m */; };
		B253156E1E5403D80029B1EE /* GridCell.m in Sources */ = {isa = PBXBuildFile; fileRef = B253156D1E5403D80029B1EE /* GridCell.m */; };
/* End PBXBuildFile section */

/* Begin PBXContainerItemProxy section */
		B25315211E51AC1E0029B1EE /* PBXContainerItemProxy */ = {
			isa = PBXContainerItemProxy;
			containerPortal = B25314FF1E51AC1E0029B1EE /* Project object */;
			proxyType = 1;
			remoteGlobalIDString = B25315061E51AC1E0029B1EE;
			remoteInfo = IGListKitDemoForObjectC;
		};
		B253152C1E51AC1E0029B1EE /* PBXContainerItemProxy */ = {
			isa = PBXContainerItemProxy;
			containerPortal = B25314FF1E51AC1E0029B1EE /* Project object */;
			proxyType = 1;
			remoteGlobalIDString = B25315061E51AC1E0029B1EE;
			remoteInfo = IGListKitDemoForObjectC;
		};
/* End PBXContainerItemProxy section */

/* Begin PBXFileReference section */
		1830DD209B7B8194B2BFB5CE /* Pods_IGListKitDemoForObjectC.framework */ = {isa = PBXFileReference; explicitFileType = wrapper.framework; includeInIndex = 0; path = Pods_IGListKitDemoForObjectC.framework; sourceTree = BUILT_PRODUCTS_DIR; };
		2EABD61D24C1368C030D04F8 /* Pods-IGListKitDemoForObjectC.debug.xcconfig */ = {isa = PBXFileReference; includeInIndex = 1; lastKnownFileType = text.xcconfig; name = "Pods-IGListKitDemoForObjectC.debug.xcconfig"; path = "Pods/Target Support Files/Pods-IGListKitDemoForObjectC/Pods-IGListKitDemoForObjectC.debug.xcconfig"; sourceTree = "<group>"; };
		51AC3DBB604D3B1FE063BEB7 /* Pods-IGListKitDemoForObjectC.release.xcconfig */ = {isa = PBXFileReference; includeInIndex = 1; lastKnownFileType = text.xcconfig; name = "Pods-IGListKitDemoForObjectC.release.xcconfig"; path = "Pods/Target Support Files/Pods-IGListKitDemoForObjectC/Pods-IGListKitDemoForObjectC.release.xcconfig"; sourceTree = "<group>"; };
		73D149C71601529C8159B0D5 /* Pods-IGListKitDemoForObjectCTests.debug.xcconfig */ = {isa = PBXFileReference; includeInIndex = 1; lastKnownFileType = text.xcconfig; name = "Pods-IGListKitDemoForObjectCTests.debug.xcconfig"; path = "Pods/Target Support Files/Pods-IGListKitDemoForObjectCTests/Pods-IGListKitDemoForObjectCTests.debug.xcconfig"; sourceTree = "<group>"; };
		7B1752B78BA9121522BF29E8 /* Pods-IGListKitDemoForObjectCTests.release.xcconfig */ = {isa = PBXFileReference; includeInIndex = 1; lastKnownFileType = text.xcconfig; name = "Pods-IGListKitDemoForObjectCTests.release.xcconfig"; path = "Pods/Target Support Files/Pods-IGListKitDemoForObjectCTests/Pods-IGListKitDemoForObjectCTests.release.xcconfig"; sourceTree = "<group>"; };
		8D923F0FD0E15D1B26F062A2 /* Pods-IGListKitDemoForObjectCUITests.release.xcconfig */ = {isa = PBXFileReference; includeInIndex = 1; lastKnownFileType = text.xcconfig; name = "Pods-IGListKitDemoForObjectCUITests.release.xcconfig"; path = "Pods/Target Support Files/Pods-IGListKitDemoForObjectCUITests/Pods-IGListKitDemoForObjectCUITests.release.xcconfig"; sourceTree = "<group>"; };
		B25315071E51AC1E0029B1EE /* IGListKitDemoForObjectC.app */ = {isa = PBXFileReference; explicitFileType = wrapper.application; includeInIndex = 0; path = IGListKitDemoForObjectC.app; sourceTree = BUILT_PRODUCTS_DIR; };
		B253150B1E51AC1E0029B1EE /* main.m */ = {isa = PBXFileReference; lastKnownFileType = sourcecode.c.objc; path = main.m; sourceTree = "<group>"; };
		B253150D1E51AC1E0029B1EE /* AppDelegate.h */ = {isa = PBXFileReference; lastKnownFileType = sourcecode.c.h; path = AppDelegate.h; sourceTree = "<group>"; };
		B253150E1E51AC1E0029B1EE /* AppDelegate.m */ = {isa = PBXFileReference; lastKnownFileType = sourcecode.c.objc; path = AppDelegate.m; sourceTree = "<group>"; };
		B25315101E51AC1E0029B1EE /* ViewController.h */ = {isa = PBXFileReference; lastKnownFileType = sourcecode.c.h; path = ViewController.h; sourceTree = "<group>"; };
		B25315111E51AC1E0029B1EE /* ViewController.m */ = {isa = PBXFileReference; lastKnownFileType = sourcecode.c.objc; path = ViewController.m; sourceTree = "<group>"; };
		B25315141E51AC1E0029B1EE /* Base */ = {isa = PBXFileReference; lastKnownFileType = file.storyboard; name = Base; path = Base.lproj/Main.storyboard; sourceTree = "<group>"; };
		B25315161E51AC1E0029B1EE /* Assets.xcassets */ = {isa = PBXFileReference; lastKnownFileType = folder.assetcatalog; path = Assets.xcassets; sourceTree = "<group>"; };
		B25315191E51AC1E0029B1EE /* Base */ = {isa = PBXFileReference; lastKnownFileType = file.storyboard; name = Base; path = Base.lproj/LaunchScreen.storyboard; sourceTree = "<group>"; };
		B253151B1E51AC1E0029B1EE /* Info.plist */ = {isa = PBXFileReference; lastKnownFileType = text.plist.xml; path = Info.plist; sourceTree = "<group>"; };
		B25315201E51AC1E0029B1EE /* IGListKitDemoForObjectCTests.xctest */ = {isa = PBXFileReference; explicitFileType = wrapper.cfbundle; includeInIndex = 0; path = IGListKitDemoForObjectCTests.xctest; sourceTree = BUILT_PRODUCTS_DIR; };
		B25315241E51AC1E0029B1EE /* IGListKitDemoForObjectCTests.m */ = {isa = PBXFileReference; lastKnownFileType = sourcecode.c.objc; path = IGListKitDemoForObjectCTests.m; sourceTree = "<group>"; };
		B25315261E51AC1E0029B1EE /* Info.plist */ = {isa = PBXFileReference; lastKnownFileType = text.plist.xml; path = Info.plist; sourceTree = "<group>"; };
		B253152B1E51AC1E0029B1EE /* IGListKitDemoForObjectCUITests.xctest */ = {isa = PBXFileReference; explicitFileType = wrapper.cfbundle; includeInIndex = 0; path = IGListKitDemoForObjectCUITests.xctest; sourceTree = BUILT_PRODUCTS_DIR; };
		B253152F1E51AC1E0029B1EE /* IGListKitDemoForObjectCUITests.m */ = {isa = PBXFileReference; lastKnownFileType = sourcecode.c.objc; path = IGListKitDemoForObjectCUITests.m; sourceTree = "<group>"; };
		B25315311E51AC1E0029B1EE /* Info.plist */ = {isa = PBXFileReference; lastKnownFileType = text.plist.xml; path = Info.plist; sourceTree = "<group>"; };
		B253153E1E51AEF00029B1EE /* PrefixHeader.pch */ = {isa = PBXFileReference; lastKnownFileType = sourcecode.c.h; path = PrefixHeader.pch; sourceTree = "<group>"; };
		B25315401E51B1AB0029B1EE /* Constant.h */ = {isa = PBXFileReference; fileEncoding = 4; lastKnownFileType = sourcecode.c.h; path = Constant.h; sourceTree = "<group>"; };
		B25315411E51B1AB0029B1EE /* UIView+Extension.h */ = {isa = PBXFileReference; fileEncoding = 4; lastKnownFileType = sourcecode.c.h; path = "UIView+Extension.h"; sourceTree = "<group>"; };
		B25315421E51B1AB0029B1EE /* UIView+Extension.m */ = {isa = PBXFileReference; fileEncoding = 4; lastKnownFileType = sourcecode.c.objc; path = "UIView+Extension.m"; sourceTree = "<group>"; };
		B25315451E51BC020029B1EE /* DemoItem.h */ = {isa = PBXFileReference; fileEncoding = 4; lastKnownFileType = sourcecode.c.h; path = DemoItem.h; sourceTree = "<group>"; };
		B25315461E51BC020029B1EE /* DemoItem.m */ = {isa = PBXFileReference; fileEncoding = 4; lastKnownFileType = sourcecode.c.objc; path = DemoItem.m; sourceTree = "<group>"; };
		B25315481E51C2870029B1EE /* DemoSectionController.h */ = {isa = PBXFileReference; fileEncoding = 4; lastKnownFileType = sourcecode.c.h; path = DemoSectionController.h; sourceTree = "<group>"; };
		B25315491E51C2870029B1EE /* DemoSectionController.m */ = {isa = PBXFileReference; fileEncoding = 4; lastKnownFileType = sourcecode.c.objc; path = DemoSectionController.m; sourceTree = "<group>"; };
		B253154F1E52A6100029B1EE /* DemoCell.h */ = {isa = PBXFileReference; fileEncoding = 4; lastKnownFileType = sourcecode.c.h; path = DemoCell.h; sourceTree = "<group>"; };
		B25315501E52A6100029B1EE /* DemoCell.m */ = {isa = PBXFileReference; fileEncoding = 4; lastKnownFileType = sourcecode.c.objc; path = DemoCell.m; sourceTree = "<group>"; };
		B25315541E52F5C40029B1EE /* ListSectionController.h */ = {isa = PBXFileReference; fileEncoding = 4; lastKnownFileType = sourcecode.c.h; path = ListSectionController.h; sourceTree = "<group>"; };
		B25315551E52F5C40029B1EE /* ListSectionController.m */ = {isa = PBXFileReference; fileEncoding = 4; lastKnownFileType = sourcecode.c.objc; path = ListSectionController.m; sourceTree = "<group>"; };
		B25315571E52F63E0029B1EE /* ListViewController.h */ = {isa = PBXFileReference; fileEncoding = 4; lastKnownFileType = sourcecode.c.h; path = ListViewController.h; sourceTree = "<group>"; };
		B25315581E52F63E0029B1EE /* ListViewController.m */ = {isa = PBXFileReference; fileEncoding = 4; lastKnownFileType = sourcecode.c.objc; path = ListViewController.m; sourceTree = "<group>"; };
		B253155A1E52FBF90029B1EE /* ListCell.h */ = {isa = PBXFileReference; fileEncoding = 4; lastKnownFileType = sourcecode.c.h; path = ListCell.h; sourceTree = "<group>"; };
		B253155B1E52FBF90029B1EE /* ListCell.m */ = {isa = PBXFileReference; fileEncoding = 4; lastKnownFileType = sourcecode.c.objc; path = ListCell.m; sourceTree = "<group>"; };
		B253155D1E53064A0029B1EE /* MixedDataViewController.h */ = {isa = PBXFileReference; fileEncoding = 4; lastKnownFileType = sourcecode.c.h; path = MixedDataViewController.h; sourceTree = "<group>"; };
		B253155E1E53064A0029B1EE /* MixedDataViewController.m */ = {isa = PBXFileReference; fileEncoding = 4; lastKnownFileType = sourcecode.c.objc; path = MixedDataViewController.m; sourceTree = "<group>"; };
		B25315631E53F8030029B1EE /* ExpandableSectionController.h */ = {isa = PBXFileReference; fileEncoding = 4; lastKnownFileType = sourcecode.c.h; path = ExpandableSectionController.h; sourceTree = "<group>"; };
		B25315641E53F8030029B1EE /* ExpandableSectionController.m */ = {isa = PBXFileReference; fileEncoding = 4; lastKnownFileType = sourcecode.c.objc; path = ExpandableSectionController.m; sourceTree = "<group>"; };
		B25315661E53F9F40029B1EE /* LabelCell.h */ = {isa = PBXFileReference; fileEncoding = 4; lastKnownFileType = sourcecode.c.h; path = LabelCell.h; sourceTree = "<group>"; };
		B25315671E53F9F40029B1EE /* LabelCell.m */ = {isa = PBXFileReference; fileEncoding = 4; lastKnownFileType = sourcecode.c.objc; path = LabelCell.m; sourceTree = "<group>"; };
		B25315691E5401A20029B1EE /* GridSectionController.h */ = {isa = PBXFileReference; fileEncoding = 4; lastKnownFileType = sourcecode.c.h; path = GridSectionController.h; sourceTree = "<group>"; };
		B253156A1E5401A20029B1EE /* GridSectionController.m */ = {isa = PBXFileReference; fileEncoding = 4; lastKnownFileType = sourcecode.c.objc; path = GridSectionController.m; sourceTree = "<group>"; };
		B253156C1E5403D80029B1EE /* GridCell.h */ = {isa = PBXFileReference; fileEncoding = 4; lastKnownFileType = sourcecode.c.h; path = GridCell.h; sourceTree = "<group>"; };
		B253156D1E5403D80029B1EE /* GridCell.m */ = {isa = PBXFileReference; fileEncoding = 4; lastKnownFileType = sourcecode.c.objc; path = GridCell.m; sourceTree = "<group>"; };
		BA2F9F9C291DB53DF9B345D3 /* Pods-IGListKitDemoForObjectCUITests.debug.xcconfig */ = {isa = PBXFileReference; includeInIndex = 1; lastKnownFileType = text.xcconfig; name = "Pods-IGListKitDemoForObjectCUITests.debug.xcconfig"; path = "Pods/Target Support Files/Pods-IGListKitDemoForObjectCUITests/Pods-IGListKitDemoForObjectCUITests.debug.xcconfig"; sourceTree = "<group>"; };
		C5CEB59D8150D21D0C4AA500 /* Pods_IGListKitDemoForObjectCUITests.framework */ = {isa = PBXFileReference; explicitFileType = wrapper.framework; includeInIndex = 0; path = Pods_IGListKitDemoForObjectCUITests.framework; sourceTree = BUILT_PRODUCTS_DIR; };
		D0A1670FF3D939EED27F26F2 /* Pods_IGListKitDemoForObjectCTests.framework */ = {isa = PBXFileReference; explicitFileType = wrapper.framework; includeInIndex = 0; path = Pods_IGListKitDemoForObjectCTests.framework; sourceTree = BUILT_PRODUCTS_DIR; };
/* End PBXFileReference section */

/* Begin PBXFrameworksBuildPhase section */
		B25315041E51AC1E0029B1EE /* Frameworks */ = {
			isa = PBXFrameworksBuildPhase;
			buildActionMask = 2147483647;
			files = (
				5F794BA985318DED4B938BF4 /* Pods_IGListKitDemoForObjectC.framework in Frameworks */,
			);
			runOnlyForDeploymentPostprocessing = 0;
		};
		B253151D1E51AC1E0029B1EE /* Frameworks */ = {
			isa = PBXFrameworksBuildPhase;
			buildActionMask = 2147483647;
			files = (
				24F5BB9E90C6879D234275FE /* Pods_IGListKitDemoForObjectCTests.framework in Frameworks */,
			);
			runOnlyForDeploymentPostprocessing = 0;
		};
		B25315281E51AC1E0029B1EE /* Frameworks */ = {
			isa = PBXFrameworksBuildPhase;
			buildActionMask = 2147483647;
			files = (
				8066CCBD853A1CA6634EE5D9 /* Pods_IGListKitDemoForObjectCUITests.framework in Frameworks */,
			);
			runOnlyForDeploymentPostprocessing = 0;
		};
/* End PBXFrameworksBuildPhase section */

/* Begin PBXGroup section */
		AB1AE84B97D7480C61303D99 /* Frameworks */ = {
			isa = PBXGroup;
			children = (
				1830DD209B7B8194B2BFB5CE /* Pods_IGListKitDemoForObjectC.framework */,
				D0A1670FF3D939EED27F26F2 /* Pods_IGListKitDemoForObjectCTests.framework */,
				C5CEB59D8150D21D0C4AA500 /* Pods_IGListKitDemoForObjectCUITests.framework */,
			);
			name = Frameworks;
			sourceTree = "<group>";
		};
		B25314FE1E51AC1E0029B1EE = {
			isa = PBXGroup;
			children = (
				B25315091E51AC1E0029B1EE /* IGListKitDemoForObjectC */,
				B25315231E51AC1E0029B1EE /* IGListKitDemoForObjectCTests */,
				B253152E1E51AC1E0029B1EE /* IGListKitDemoForObjectCUITests */,
				B25315081E51AC1E0029B1EE /* Products */,
				EC1F0F148EDAD8F658488531 /* Pods */,
				AB1AE84B97D7480C61303D99 /* Frameworks */,
			);
			sourceTree = "<group>";
		};
		B25315081E51AC1E0029B1EE /* Products */ = {
			isa = PBXGroup;
			children = (
				B25315071E51AC1E0029B1EE /* IGListKitDemoForObjectC.app */,
				B25315201E51AC1E0029B1EE /* IGListKitDemoForObjectCTests.xctest */,
				B253152B1E51AC1E0029B1EE /* IGListKitDemoForObjectCUITests.xctest */,
			);
			name = Products;
			sourceTree = "<group>";
		};
		B25315091E51AC1E0029B1EE /* IGListKitDemoForObjectC */ = {
			isa = PBXGroup;
			children = (
				B25315531E52F57F0029B1EE /* SectionController */,
				B25315521E52F55B0029B1EE /* Controller */,
				B253154B1E52A0FE0029B1EE /* View */,
				B25315441E51BBD50029B1EE /* Model */,
				B253153F1E51B1AB0029B1EE /* Common */,
				B253150D1E51AC1E0029B1EE /* AppDelegate.h */,
				B253150E1E51AC1E0029B1EE /* AppDelegate.m */,
				B25315131E51AC1E0029B1EE /* Main.storyboard */,
				B25315161E51AC1E0029B1EE /* Assets.xcassets */,
				B25315181E51AC1E0029B1EE /* LaunchScreen.storyboard */,
				B253151B1E51AC1E0029B1EE /* Info.plist */,
				B253150A1E51AC1E0029B1EE /* Supporting Files */,
				B253153E1E51AEF00029B1EE /* PrefixHeader.pch */,
			);
			path = IGListKitDemoForObjectC;
			sourceTree = "<group>";
		};
		B253150A1E51AC1E0029B1EE /* Supporting Files */ = {
			isa = PBXGroup;
			children = (
				B253150B1E51AC1E0029B1EE /* main.m */,
			);
			name = "Supporting Files";
			sourceTree = "<group>";
		};
		B25315231E51AC1E0029B1EE /* IGListKitDemoForObjectCTests */ = {
			isa = PBXGroup;
			children = (
				B25315241E51AC1E0029B1EE /* IGListKitDemoForObjectCTests.m */,
				B25315261E51AC1E0029B1EE /* Info.plist */,
			);
			path = IGListKitDemoForObjectCTests;
			sourceTree = "<group>";
		};
		B253152E1E51AC1E0029B1EE /* IGListKitDemoForObjectCUITests */ = {
			isa = PBXGroup;
			children = (
				B253152F1E51AC1E0029B1EE /* IGListKitDemoForObjectCUITests.m */,
				B25315311E51AC1E0029B1EE /* Info.plist */,
			);
			path = IGListKitDemoForObjectCUITests;
			sourceTree = "<group>";
		};
		B253153F1E51B1AB0029B1EE /* Common */ = {
			isa = PBXGroup;
			children = (
				B25315401E51B1AB0029B1EE /* Constant.h */,
				B25315411E51B1AB0029B1EE /* UIView+Extension.h */,
				B25315421E51B1AB0029B1EE /* UIView+Extension.m */,
			);
			path = Common;
			sourceTree = "<group>";
		};
		B25315441E51BBD50029B1EE /* Model */ = {
			isa = PBXGroup;
			children = (
				B25315451E51BC020029B1EE /* DemoItem.h */,
				B25315461E51BC020029B1EE /* DemoItem.m */,
			);
			name = Model;
			sourceTree = "<group>";
		};
		B253154B1E52A0FE0029B1EE /* View */ = {
			isa = PBXGroup;
			children = (
				B253154F1E52A6100029B1EE /* DemoCell.h */,
				B25315501E52A6100029B1EE /* DemoCell.m */,
				B253155A1E52FBF90029B1EE /* ListCell.h */,
				B253155B1E52FBF90029B1EE /* ListCell.m */,
				B25315661E53F9F40029B1EE /* LabelCell.h */,
				B25315671E53F9F40029B1EE /* LabelCell.m */,
				B253156C1E5403D80029B1EE /* GridCell.h */,
				B253156D1E5403D80029B1EE /* GridCell.m */,
			);
			name = View;
			sourceTree = "<group>";
		};
		B25315521E52F55B0029B1EE /* Controller */ = {
			isa = PBXGroup;
			children = (
				B25315101E51AC1E0029B1EE /* ViewController.h */,
				B25315111E51AC1E0029B1EE /* ViewController.m */,
				B25315571E52F63E0029B1EE /* ListViewController.h */,
				B25315581E52F63E0029B1EE /* ListViewController.m */,
				B253155D1E53064A0029B1EE /* MixedDataViewController.h */,
				B253155E1E53064A0029B1EE /* MixedDataViewController.m */,
			);
			name = Controller;
			sourceTree = "<group>";
		};
		B25315531E52F57F0029B1EE /* SectionController */ = {
			isa = PBXGroup;
			children = (
				B25315481E51C2870029B1EE /* DemoSectionController.h */,
				B25315491E51C2870029B1EE /* DemoSectionController.m */,
				B25315541E52F5C40029B1EE /* ListSectionController.h */,
				B25315551E52F5C40029B1EE /* ListSectionController.m */,
				B25315631E53F8030029B1EE /* ExpandableSectionController.h */,
				B25315641E53F8030029B1EE /* ExpandableSectionController.m */,
				B25315691E5401A20029B1EE /* GridSectionController.h */,
				B253156A1E5401A20029B1EE /* GridSectionController.m */,
			);
			name = SectionController;
			sourceTree = "<group>";
		};
		EC1F0F148EDAD8F658488531 /* Pods */ = {
			isa = PBXGroup;
			children = (
				2EABD61D24C1368C030D04F8 /* Pods-IGListKitDemoForObjectC.debug.xcconfig */,
				51AC3DBB604D3B1FE063BEB7 /* Pods-IGListKitDemoForObjectC.release.xcconfig */,
				73D149C71601529C8159B0D5 /* Pods-IGListKitDemoForObjectCTests.debug.xcconfig */,
				7B1752B78BA9121522BF29E8 /* Pods-IGListKitDemoForObjectCTests.release.xcconfig */,
				BA2F9F9C291DB53DF9B345D3 /* Pods-IGListKitDemoForObjectCUITests.debug.xcconfig */,
				8D923F0FD0E15D1B26F062A2 /* Pods-IGListKitDemoForObjectCUITests.release.xcconfig */,
			);
			name = Pods;
			sourceTree = "<group>";
		};
/* End PBXGroup section */

/* Begin PBXNativeTarget section */
		B25315061E51AC1E0029B1EE /* IGListKitDemoForObjectC */ = {
			isa = PBXNativeTarget;
			buildConfigurationList = B25315341E51AC1E0029B1EE /* Build configuration list for PBXNativeTarget "IGListKitDemoForObjectC" */;
			buildPhases = (
				CF8B2232FFC8026B3337EFB7 /* [CP] Check Pods Manifest.lock */,
				B25315031E51AC1E0029B1EE /* Sources */,
				B25315041E51AC1E0029B1EE /* Frameworks */,
				B25315051E51AC1E0029B1EE /* Resources */,
				51DFD4116CDD00D3B6A7CEE1 /* [CP] Embed Pods Frameworks */,
				EC5D3F1491BC8BFF7175B257 /* [CP] Copy Pods Resources */,
			);
			buildRules = (
			);
			dependencies = (
			);
			name = IGListKitDemoForObjectC;
			productName = IGListKitDemoForObjectC;
			productReference = B25315071E51AC1E0029B1EE /* IGListKitDemoForObjectC.app */;
			productType = "com.apple.product-type.application";
		};
		B253151F1E51AC1E0029B1EE /* IGListKitDemoForObjectCTests */ = {
			isa = PBXNativeTarget;
			buildConfigurationList = B25315371E51AC1E0029B1EE /* Build configuration list for PBXNativeTarget "IGListKitDemoForObjectCTests" */;
			buildPhases = (
				920E6D9D278BFF13061A5DD3 /* [CP] Check Pods Manifest.lock */,
				B253151C1E51AC1E0029B1EE /* Sources */,
				B253151D1E51AC1E0029B1EE /* Frameworks */,
				B253151E1E51AC1E0029B1EE /* Resources */,
				E9F1CF7F48BC87A7F5F7DDF0 /* [CP] Embed Pods Frameworks */,
				8854DFBD2F84ADB2386ADB80 /* [CP] Copy Pods Resources */,
			);
			buildRules = (
			);
			dependencies = (
				B25315221E51AC1E0029B1EE /* PBXTargetDependency */,
			);
			name = IGListKitDemoForObjectCTests;
			productName = IGListKitDemoForObjectCTests;
			productReference = B25315201E51AC1E0029B1EE /* IGListKitDemoForObjectCTests.xctest */;
			productType = "com.apple.product-type.bundle.unit-test";
		};
		B253152A1E51AC1E0029B1EE /* IGListKitDemoForObjectCUITests */ = {
			isa = PBXNativeTarget;
			buildConfigurationList = B253153A1E51AC1E0029B1EE /* Build configuration list for PBXNativeTarget "IGListKitDemoForObjectCUITests" */;
			buildPhases = (
				C07CD270EB9AE45AA116B6AC /* [CP] Check Pods Manifest.lock */,
				B25315271E51AC1E0029B1EE /* Sources */,
				B25315281E51AC1E0029B1EE /* Frameworks */,
				B25315291E51AC1E0029B1EE /* Resources */,
				91393DAFE512C72BBF409AB0 /* [CP] Copy Pods Resources */,
			);
			buildRules = (
			);
			dependencies = (
				B253152D1E51AC1E0029B1EE /* PBXTargetDependency */,
			);
			name = IGListKitDemoForObjectCUITests;
			productName = IGListKitDemoForObjectCUITests;
			productReference = B253152B1E51AC1E0029B1EE /* IGListKitDemoForObjectCUITests.xctest */;
			productType = "com.apple.product-type.bundle.ui-testing";
		};
/* End PBXNativeTarget section */

/* Begin PBXProject section */
		B25314FF1E51AC1E0029B1EE /* Project object */ = {
			isa = PBXProject;
			attributes = {
				LastUpgradeCheck = 0820;
				ORGANIZATIONNAME = "Shaojie Hong";
				TargetAttributes = {
					B25315061E51AC1E0029B1EE = {
						CreatedOnToolsVersion = 8.2.1;
						DevelopmentTeam = 99B27783N7;
						ProvisioningStyle = Automatic;
					};
					B253151F1E51AC1E0029B1EE = {
						CreatedOnToolsVersion = 8.2.1;
						DevelopmentTeam = 99B27783N7;
						ProvisioningStyle = Automatic;
						TestTargetID = B25315061E51AC1E0029B1EE;
					};
					B253152A1E51AC1E0029B1EE = {
						CreatedOnToolsVersion = 8.2.1;
						DevelopmentTeam = 99B27783N7;
						ProvisioningStyle = Automatic;
						TestTargetID = B25315061E51AC1E0029B1EE;
					};
				};
			};
			buildConfigurationList = B25315021E51AC1E0029B1EE /* Build configuration list for PBXProject "IGListKitDemoForObjectC" */;
			compatibilityVersion = "Xcode 3.2";
			developmentRegion = English;
			hasScannedForEncodings = 0;
			knownRegions = (
				en,
				Base,
			);
			mainGroup = B25314FE1E51AC1E0029B1EE;
			productRefGroup = B25315081E51AC1E0029B1EE /* Products */;
			projectDirPath = "";
			projectRoot = "";
			targets = (
				B25315061E51AC1E0029B1EE /* IGListKitDemoForObjectC */,
				B253151F1E51AC1E0029B1EE /* IGListKitDemoForObjectCTests */,
				B253152A1E51AC1E0029B1EE /* IGListKitDemoForObjectCUITests */,
			);
		};
/* End PBXProject section */

/* Begin PBXResourcesBuildPhase section */
		B25315051E51AC1E0029B1EE /* Resources */ = {
			isa = PBXResourcesBuildPhase;
			buildActionMask = 2147483647;
			files = (
				B253151A1E51AC1E0029B1EE /* LaunchScreen.storyboard in Resources */,
				B25315171E51AC1E0029B1EE /* Assets.xcassets in Resources */,
				B25315151E51AC1E0029B1EE /* Main.storyboard in Resources */,
			);
			runOnlyForDeploymentPostprocessing = 0;
		};
		B253151E1E51AC1E0029B1EE /* Resources */ = {
			isa = PBXResourcesBuildPhase;
			buildActionMask = 2147483647;
			files = (
			);
			runOnlyForDeploymentPostprocessing = 0;
		};
		B25315291E51AC1E0029B1EE /* Resources */ = {
			isa = PBXResourcesBuildPhase;
			buildActionMask = 2147483647;
			files = (
			);
			runOnlyForDeploymentPostprocessing = 0;
		};
/* End PBXResourcesBuildPhase section */

/* Begin PBXShellScriptBuildPhase section */
		51DFD4116CDD00D3B6A7CEE1 /* [CP] Embed Pods Frameworks */ = {
			isa = PBXShellScriptBuildPhase;
			buildActionMask = 2147483647;
			files = (
			);
			inputPaths = (
			);
			name = "[CP] Embed Pods Frameworks";
			outputPaths = (
			);
			runOnlyForDeploymentPostprocessing = 0;
			shellPath = /bin/sh;
			shellScript = "\"${SRCROOT}/Pods/Target Support Files/Pods-IGListKitDemoForObjectC/Pods-IGListKitDemoForObjectC-frameworks.sh\"\n";
			showEnvVarsInLog = 0;
		};
		8854DFBD2F84ADB2386ADB80 /* [CP] Copy Pods Resources */ = {
			isa = PBXShellScriptBuildPhase;
			buildActionMask = 2147483647;
			files = (
			);
			inputPaths = (
			);
			name = "[CP] Copy Pods Resources";
			outputPaths = (
			);
			runOnlyForDeploymentPostprocessing = 0;
			shellPath = /bin/sh;
			shellScript = "\"${SRCROOT}/Pods/Target Support Files/Pods-IGListKitDemoForObjectCTests/Pods-IGListKitDemoForObjectCTests-resources.sh\"\n";
			showEnvVarsInLog = 0;
		};
		91393DAFE512C72BBF409AB0 /* [CP] Copy Pods Resources */ = {
			isa = PBXShellScriptBuildPhase;
			buildActionMask = 2147483647;
			files = (
			);
			inputPaths = (
			);
			name = "[CP] Copy Pods Resources";
			outputPaths = (
			);
			runOnlyForDeploymentPostprocessing = 0;
			shellPath = /bin/sh;
			shellScript = "\"${SRCROOT}/Pods/Target Support Files/Pods-IGListKitDemoForObjectCUITests/Pods-IGListKitDemoForObjectCUITests-resources.sh\"\n";
			showEnvVarsInLog = 0;
		};
		920E6D9D278BFF13061A5DD3 /* [CP] Check Pods Manifest.lock */ = {
			isa = PBXShellScriptBuildPhase;
			buildActionMask = 2147483647;
			files = (
			);
			inputPaths = (
			);
			name = "[CP] Check Pods Manifest.lock";
			outputPaths = (
			);
			runOnlyForDeploymentPostprocessing = 0;
			shellPath = /bin/sh;
			shellScript = "diff \"${PODS_ROOT}/../Podfile.lock\" \"${PODS_ROOT}/Manifest.lock\" > /dev/null\nif [[ $? != 0 ]] ; then\n    cat << EOM\nerror: The sandbox is not in sync with the Podfile.lock. Run 'pod install' or update your CocoaPods installation.\nEOM\n    exit 1\nfi\n";
			showEnvVarsInLog = 0;
		};
		C07CD270EB9AE45AA116B6AC /* [CP] Check Pods Manifest.lock */ = {
			isa = PBXShellScriptBuildPhase;
			buildActionMask = 2147483647;
			files = (
			);
			inputPaths = (
			);
			name = "[CP] Check Pods Manifest.lock";
			outputPaths = (
			);
			runOnlyForDeploymentPostprocessing = 0;
			shellPath = /bin/sh;
			shellScript = "diff \"${PODS_ROOT}/../Podfile.lock\" \"${PODS_ROOT}/Manifest.lock\" > /dev/null\nif [[ $? != 0 ]] ; then\n    cat << EOM\nerror: The sandbox is not in sync with the Podfile.lock. Run 'pod install' or update your CocoaPods installation.\nEOM\n    exit 1\nfi\n";
			showEnvVarsInLog = 0;
		};
		CF8B2232FFC8026B3337EFB7 /* [CP] Check Pods Manifest.lock */ = {
			isa = PBXShellScriptBuildPhase;
			buildActionMask = 2147483647;
			files = (
			);
			inputPaths = (
			);
			name = "[CP] Check Pods Manifest.lock";
			outputPaths = (
			);
			runOnlyForDeploymentPostprocessing = 0;
			shellPath = /bin/sh;
			shellScript = "diff \"${PODS_ROOT}/../Podfile.lock\" \"${PODS_ROOT}/Manifest.lock\" > /dev/null\nif [[ $? != 0 ]] ; then\n    cat << EOM\nerror: The sandbox is not in sync with the Podfile.lock. Run 'pod install' or update your CocoaPods installation.\nEOM\n    exit 1\nfi\n";
			showEnvVarsInLog = 0;
		};
		E9F1CF7F48BC87A7F5F7DDF0 /* [CP] Embed Pods Frameworks */ = {
			isa = PBXShellScriptBuildPhase;
			buildActionMask = 2147483647;
			files = (
			);
			inputPaths = (
			);
			name = "[CP] Embed Pods Frameworks";
			outputPaths = (
			);
			runOnlyForDeploymentPostprocessing = 0;
			shellPath = /bin/sh;
			shellScript = "\"${SRCROOT}/Pods/Target Support Files/Pods-IGListKitDemoForObjectCTests/Pods-IGListKitDemoForObjectCTests-frameworks.sh\"\n";
			showEnvVarsInLog = 0;
		};
		EC5D3F1491BC8BFF7175B257 /* [CP] Copy Pods Resources */ = {
			isa = PBXShellScriptBuildPhase;
			buildActionMask = 2147483647;
			files = (
			);
			inputPaths = (
			);
			name = "[CP] Copy Pods Resources";
			outputPaths = (
			);
			runOnlyForDeploymentPostprocessing = 0;
			shellPath = /bin/sh;
			shellScript = "\"${SRCROOT}/Pods/Target Support Files/Pods-IGListKitDemoForObjectC/Pods-IGListKitDemoForObjectC-resources.sh\"\n";
			showEnvVarsInLog = 0;
		};
/* End PBXShellScriptBuildPhase section */

/* Begin PBXSourcesBuildPhase section */
		B25315031E51AC1E0029B1EE /* Sources */ = {
			isa = PBXSourcesBuildPhase;
			buildActionMask = 2147483647;
			files = (
				B25315121E51AC1E0029B1EE /* ViewController.m in Sources */,
				B25315471E51BC020029B1EE /* DemoItem.m in Sources */,
				B25315591E52F63E0029B1EE /* ListViewController.m in Sources */,
				B253155C1E52FBF90029B1EE /* ListCell.m in Sources */,
				B253155F1E53064A0029B1EE /* MixedDataViewController.m in Sources */,
				B253150F1E51AC1E0029B1EE /* AppDelegate.m in Sources */,
				B25315511E52A6100029B1EE /* DemoCell.m in Sources */,
				B25315431E51B1AB0029B1EE /* UIView+Extension.m in Sources */,
				B253154A1E51C2870029B1EE /* DemoSectionController.m in Sources */,
				B25315681E53F9F40029B1EE /* LabelCell.m in Sources */,
				B25315651E53F8030029B1EE /* ExpandableSectionController.m in Sources */,
				B253156B1E5401A20029B1EE /* GridSectionController.m in Sources */,
				B253150C1E51AC1E0029B1EE /* main.m in Sources */,
				B253156E1E5403D80029B1EE /* GridCell.m in Sources */,
				B25315561E52F5C40029B1EE /* ListSectionController.m in Sources */,
			);
			runOnlyForDeploymentPostprocessing = 0;
		};
		B253151C1E51AC1E0029B1EE /* Sources */ = {
			isa = PBXSourcesBuildPhase;
			buildActionMask = 2147483647;
			files = (
				B25315251E51AC1E0029B1EE /* IGListKitDemoForObjectCTests.m in Sources */,
			);
			runOnlyForDeploymentPostprocessing = 0;
		};
		B25315271E51AC1E0029B1EE /* Sources */ = {
			isa = PBXSourcesBuildPhase;
			buildActionMask = 2147483647;
			files = (
				B25315301E51AC1E0029B1EE /* IGListKitDemoForObjectCUITests.m in Sources */,
			);
			runOnlyForDeploymentPostprocessing = 0;
		};
/* End PBXSourcesBuildPhase section */

/* Begin PBXTargetDependency section */
		B25315221E51AC1E0029B1EE /* PBXTargetDependency */ = {
			isa = PBXTargetDependency;
			target = B25315061E51AC1E0029B1EE /* IGListKitDemoForObjectC */;
			targetProxy = B25315211E51AC1E0029B1EE /* PBXContainerItemProxy */;
		};
		B253152D1E51AC1E0029B1EE /* PBXTargetDependency */ = {
			isa = PBXTargetDependency;
			target = B25315061E51AC1E0029B1EE /* IGListKitDemoForObjectC */;
			targetProxy = B253152C1E51AC1E0029B1EE /* PBXContainerItemProxy */;
		};
/* End PBXTargetDependency section */

/* Begin PBXVariantGroup section */
		B25315131E51AC1E0029B1EE /* Main.storyboard */ = {
			isa = PBXVariantGroup;
			children = (
				B25315141E51AC1E0029B1EE /* Base */,
			);
			name = Main.storyboard;
			sourceTree = "<group>";
		};
		B25315181E51AC1E0029B1EE /* LaunchScreen.storyboard */ = {
			isa = PBXVariantGroup;
			children = (
				B25315191E51AC1E0029B1EE /* Base */,
			);
			name = LaunchScreen.storyboard;
			sourceTree = "<group>";
		};
/* End PBXVariantGroup section */

/* Begin XCBuildConfiguration section */
		B25315321E51AC1E0029B1EE /* Debug */ = {
			isa = XCBuildConfiguration;
			buildSettings = {
				ALWAYS_SEARCH_USER_PATHS = NO;
				CLANG_ANALYZER_NONNULL = YES;
				CLANG_CXX_LANGUAGE_STANDARD = "gnu++0x";
				CLANG_CXX_LIBRARY = "libc++";
				CLANG_ENABLE_MODULES = YES;
				CLANG_ENABLE_OBJC_ARC = YES;
				CLANG_WARN_BOOL_CONVERSION = YES;
				CLANG_WARN_CONSTANT_CONVERSION = YES;
				CLANG_WARN_DIRECT_OBJC_ISA_USAGE = YES_ERROR;
				CLANG_WARN_DOCUMENTATION_COMMENTS = YES;
				CLANG_WARN_EMPTY_BODY = YES;
				CLANG_WARN_ENUM_CONVERSION = YES;
				CLANG_WARN_INFINITE_RECURSION = YES;
				CLANG_WARN_INT_CONVERSION = YES;
				CLANG_WARN_OBJC_ROOT_CLASS = YES_ERROR;
				CLANG_WARN_SUSPICIOUS_MOVE = YES;
				CLANG_WARN_UNREACHABLE_CODE = YES;
				CLANG_WARN__DUPLICATE_METHOD_MATCH = YES;
				"CODE_SIGN_IDENTITY[sdk=iphoneos*]" = "iPhone Developer";
				COPY_PHASE_STRIP = NO;
				DEBUG_INFORMATION_FORMAT = dwarf;
				ENABLE_STRICT_OBJC_MSGSEND = YES;
				ENABLE_TESTABILITY = YES;
				GCC_C_LANGUAGE_STANDARD = gnu99;
				GCC_DYNAMIC_NO_PIC = NO;
				GCC_NO_COMMON_BLOCKS = YES;
				GCC_OPTIMIZATION_LEVEL = 0;
				GCC_PREPROCESSOR_DEFINITIONS = (
					"DEBUG=1",
					"$(inherited)",
				);
				GCC_WARN_64_TO_32_BIT_CONVERSION = YES;
				GCC_WARN_ABOUT_RETURN_TYPE = YES_ERROR;
				GCC_WARN_UNDECLARED_SELECTOR = YES;
				GCC_WARN_UNINITIALIZED_AUTOS = YES_AGGRESSIVE;
				GCC_WARN_UNUSED_FUNCTION = YES;
				GCC_WARN_UNUSED_VARIABLE = YES;
				IPHONEOS_DEPLOYMENT_TARGET = 10.2;
				MTL_ENABLE_DEBUG_INFO = YES;
				ONLY_ACTIVE_ARCH = YES;
				SDKROOT = iphoneos;
				TARGETED_DEVICE_FAMILY = "1,2";
			};
			name = Debug;
		};
		B25315331E51AC1E0029B1EE /* Release */ = {
			isa = XCBuildConfiguration;
			buildSettings = {
				ALWAYS_SEARCH_USER_PATHS = NO;
				CLANG_ANALYZER_NONNULL = YES;
				CLANG_CXX_LANGUAGE_STANDARD = "gnu++0x";
				CLANG_CXX_LIBRARY = "libc++";
				CLANG_ENABLE_MODULES = YES;
				CLANG_ENABLE_OBJC_ARC = YES;
				CLANG_WARN_BOOL_CONVERSION = YES;
				CLANG_WARN_CONSTANT_CONVERSION = YES;
				CLANG_WARN_DIRECT_OBJC_ISA_USAGE = YES_ERROR;
				CLANG_WARN_DOCUMENTATION_COMMENTS = YES;
				CLANG_WARN_EMPTY_BODY = YES;
				CLANG_WARN_ENUM_CONVERSION = YES;
				CLANG_WARN_INFINITE_RECURSION = YES;
				CLANG_WARN_INT_CONVERSION = YES;
				CLANG_WARN_OBJC_ROOT_CLASS = YES_ERROR;
				CLANG_WARN_SUSPICIOUS_MOVE = YES;
				CLANG_WARN_UNREACHABLE_CODE = YES;
				CLANG_WARN__DUPLICATE_METHOD_MATCH = YES;
				"CODE_SIGN_IDENTITY[sdk=iphoneos*]" = "iPhone Developer";
				COPY_PHASE_STRIP = NO;
				DEBUG_INFORMATION_FORMAT = "dwarf-with-dsym";
				ENABLE_NS_ASSERTIONS = NO;
				ENABLE_STRICT_OBJC_MSGSEND = YES;
				GCC_C_LANGUAGE_STANDARD = gnu99;
				GCC_NO_COMMON_BLOCKS = YES;
				GCC_WARN_64_TO_32_BIT_CONVERSION = YES;
				GCC_WARN_ABOUT_RETURN_TYPE = YES_ERROR;
				GCC_WARN_UNDECLARED_SELECTOR = YES;
				GCC_WARN_UNINITIALIZED_AUTOS = YES_AGGRESSIVE;
				GCC_WARN_UNUSED_FUNCTION = YES;
				GCC_WARN_UNUSED_VARIABLE = YES;
				IPHONEOS_DEPLOYMENT_TARGET = 10.2;
				MTL_ENABLE_DEBUG_INFO = NO;
				SDKROOT = iphoneos;
				TARGETED_DEVICE_FAMILY = "1,2";
				VALIDATE_PRODUCT = YES;
			};
			name = Release;
		};
		B25315351E51AC1E0029B1EE /* Debug */ = {
			isa = XCBuildConfiguration;
			baseConfigurationReference = 2EABD61D24C1368C030D04F8 /* Pods-IGListKitDemoForObjectC.debug.xcconfig */;
			buildSettings = {
				ASSETCATALOG_COMPILER_APPICON_NAME = AppIcon;
				DEVELOPMENT_TEAM = 99B27783N7;
				GCC_PRECOMPILE_PREFIX_HEADER = YES;
				GCC_PREFIX_HEADER = IGListKitDemoForObjectC/PrefixHeader.pch;
				INFOPLIST_FILE = IGListKitDemoForObjectC/Info.plist;
				LD_RUNPATH_SEARCH_PATHS = "$(inherited) @executable_path/Frameworks";
				PRODUCT_BUNDLE_IDENTIFIER = com.Soldier.IGListKitDemoForObjectC;
				PRODUCT_NAME = "$(TARGET_NAME)";
			};
			name = Debug;
		};
		B25315361E51AC1E0029B1EE /* Release */ = {
			isa = XCBuildConfiguration;
			baseConfigurationReference = 51AC3DBB604D3B1FE063BEB7 /* Pods-IGListKitDemoForObjectC.release.xcconfig */;
			buildSettings = {
				ASSETCATALOG_COMPILER_APPICON_NAME = AppIcon;
				DEVELOPMENT_TEAM = 99B27783N7;
				GCC_PRECOMPILE_PREFIX_HEADER = YES;
				GCC_PREFIX_HEADER = IGListKitDemoForObjectC/PrefixHeader.pch;
				INFOPLIST_FILE = IGListKitDemoForObjectC/Info.plist;
				LD_RUNPATH_SEARCH_PATHS = "$(inherited) @executable_path/Frameworks";
				PRODUCT_BUNDLE_IDENTIFIER = com.Soldier.IGListKitDemoForObjectC;
				PRODUCT_NAME = "$(TARGET_NAME)";
			};
			name = Release;
		};
		B25315381E51AC1E0029B1EE /* Debug */ = {
			isa = XCBuildConfiguration;
			baseConfigurationReference = 73D149C71601529C8159B0D5 /* Pods-IGListKitDemoForObjectCTests.debug.xcconfig */;
			buildSettings = {
				BUNDLE_LOADER = "$(TEST_HOST)";
				DEVELOPMENT_TEAM = 99B27783N7;
				INFOPLIST_FILE = IGListKitDemoForObjectCTests/Info.plist;
				LD_RUNPATH_SEARCH_PATHS = "$(inherited) @executable_path/Frameworks @loader_path/Frameworks";
				PRODUCT_BUNDLE_IDENTIFIER = com.Soldier.IGListKitDemoForObjectCTests;
				PRODUCT_NAME = "$(TARGET_NAME)";
				TEST_HOST = "$(BUILT_PRODUCTS_DIR)/IGListKitDemoForObjectC.app/IGListKitDemoForObjectC";
			};
			name = Debug;
		};
		B25315391E51AC1E0029B1EE /* Release */ = {
			isa = XCBuildConfiguration;
			baseConfigurationReference = 7B1752B78BA9121522BF29E8 /* Pods-IGListKitDemoForObjectCTests.release.xcconfig */;
			buildSettings = {
				BUNDLE_LOADER = "$(TEST_HOST)";
				DEVELOPMENT_TEAM = 99B27783N7;
				INFOPLIST_FILE = IGListKitDemoForObjectCTests/Info.plist;
				LD_RUNPATH_SEARCH_PATHS = "$(inherited) @executable_path/Frameworks @loader_path/Frameworks";
				PRODUCT_BUNDLE_IDENTIFIER = com.Soldier.IGListKitDemoForObjectCTests;
				PRODUCT_NAME = "$(TARGET_NAME)";
				TEST_HOST = "$(BUILT_PRODUCTS_DIR)/IGListKitDemoForObjectC.app/IGListKitDemoForObjectC";
			};
			name = Release;
		};
		B253153B1E51AC1E0029B1EE /* Debug */ = {
			isa = XCBuildConfiguration;
			baseConfigurationReference = BA2F9F9C291DB53DF9B345D3 /* Pods-IGListKitDemoForObjectCUITests.debug.xcconfig */;
			buildSettings = {
				DEVELOPMENT_TEAM = 99B27783N7;
				INFOPLIST_FILE = IGListKitDemoForObjectCUITests/Info.plist;
				LD_RUNPATH_SEARCH_PATHS = "$(inherited) @executable_path/Frameworks @loader_path/Frameworks";
				PRODUCT_BUNDLE_IDENTIFIER = com.Soldier.IGListKitDemoForObjectCUITests;
				PRODUCT_NAME = "$(TARGET_NAME)";
				TEST_TARGET_NAME = IGListKitDemoForObjectC;
			};
			name = Debug;
		};
		B253153C1E51AC1E0029B1EE /* Release */ = {
			isa = XCBuildConfiguration;
			baseConfigurationReference = 8D923F0FD0E15D1B26F062A2 /* Pods-IGListKitDemoForObjectCUITests.release.xcconfig */;
			buildSettings = {
				DEVELOPMENT_TEAM = 99B27783N7;
				INFOPLIST_FILE = IGListKitDemoForObjectCUITests/Info.plist;
				LD_RUNPATH_SEARCH_PATHS = "$(inherited) @executable_path/Frameworks @loader_path/Frameworks";
				PRODUCT_BUNDLE_IDENTIFIER = com.Soldier.IGListKitDemoForObjectCUITests;
				PRODUCT_NAME = "$(TARGET_NAME)";
				TEST_TARGET_NAME = IGListKitDemoForObjectC;
			};
			name = Release;
		};
/* End XCBuildConfiguration section */

/* Begin XCConfigurationList section */
		B25315021E51AC1E0029B1EE /* Build configuration list for PBXProject "IGListKitDemoForObjectC" */ = {
			isa = XCConfigurationList;
			buildConfigurations = (
				B25315321E51AC1E0029B1EE /* Debug */,
				B25315331E51AC1E0029B1EE /* Release */,
			);
			defaultConfigurationIsVisible = 0;
			defaultConfigurationName = Release;
		};
		B25315341E51AC1E0029B1EE /* Build configuration list for PBXNativeTarget "IGListKitDemoForObjectC" */ = {
			isa = XCConfigurationList;
			buildConfigurations = (
				B25315351E51AC1E0029B1EE /* Debug */,
				B25315361E51AC1E0029B1EE /* Release */,
			);
			defaultConfigurationIsVisible = 0;
			defaultConfigurationName = Release;
		};
		B25315371E51AC1E0029B1EE /* Build configuration list for PBXNativeTarget "IGListKitDemoForObjectCTests" */ = {
			isa = XCConfigurationList;
			buildConfigurations = (
				B25315381E51AC1E0029B1EE /* Debug */,
				B25315391E51AC1E0029B1EE /* Release */,
			);
			defaultConfigurationIsVisible = 0;
			defaultConfigurationName = Release;
		};
		B253153A1E51AC1E0029B1EE /* Build configuration list for PBXNativeTarget "IGListKitDemoForObjectCUITests" */ = {
			isa = XCConfigurationList;
			buildConfigurations = (
				B253153B1E51AC1E0029B1EE /* Debug */,
				B253153C1E51AC1E0029B1EE /* Release */,
			);
			defaultConfigurationIsVisible = 0;
			defaultConfigurationName = Release;
		};
/* End XCConfigurationList section */
	};
	rootObject = B25314FF1E51AC1E0029B1EE /* Project object */;
}
